
Microsoft Visual Studio Solution File, Format Version 12.00
# Visual Studio 15
VisualStudioVersion = 15.0.26730.3
MinimumVisualStudioVersion = 10.0.40219.1
Project("{2150E333-8FDC-42A3-9474-1A3956D46DE8}") = "src", "src", "{0CE39A06-1095-446C-8440-79DA90E0229E}"
EndProject
Project("{2150E333-8FDC-42A3-9474-1A3956D46DE8}") = "Solution Items", "Solution Items", "{41B01E62-034A-472C-82F0-42AB99DBFC6B}"
EndProject
Project("{2150E333-8FDC-42A3-9474-1A3956D46DE8}") = "tests", "tests", "{53CA2B82-C8A4-47A1-B6AF-C0FF2FD95F85}"
EndProject
Project("{9A19103F-16F7-4668-BE54-9A1E7A4F7556}") = "CodeProxy", "src\CodeProxy\CodeProxy.csproj", "{3EEC3171-92FD-4F25-A7FF-A3CCE00ABE29}"
EndProject
Project("{9A19103F-16F7-4668-BE54-9A1E7A4F7556}") = "CodeProxy.Tests", "tests\CodeProxy.Tests\CodeProxy.Tests.csproj", "{941D0D88-0505-4BDD-BDE4-CC592A554BEE}"
EndProject
Project("{2150E333-8FDC-42A3-9474-1A3956D46DE8}") = "build", "build", "{8A547835-A497-4347-A601-98960FAEE0AE}"
	ProjectSection(SolutionItems) = preProject
		.travis.yml = .travis.yml
		build.cmd = build.cmd
		package.cmd = package.cmd
		test.cmd = test.cmd
	EndProjectSection
EndProject
Project("{2150E333-8FDC-42A3-9474-1A3956D46DE8}") = "docs", "docs", "{D6B560F2-172E-4391-8FFF-054E66994A69}"
	ProjectSection(SolutionItems) = preProject
		LICENSE = LICENSE
		README.md = README.md
	EndProjectSection
EndProject
Project("{9A19103F-16F7-4668-BE54-9A1E7A4F7556}") = "CodeProxy.Http", "src\CodeProxy.Http\CodeProxy.Http.csproj", "{37F8C8D5-A354-4B68-AF72-5A5EC6B6291B}"
EndProject
Project("{FAE04EC0-301F-11D3-BF4B-00C04F79EFBC}") = "CodeProxy.Http.Tests", "tests\CodeProxy.Http.Tests\CodeProxy.Http.Tests.csproj", "{0DB54E8F-4E8D-4C6A-A082-64B764290803}"
EndProject
Global
	GlobalSection(SolutionConfigurationPlatforms) = preSolution
		Debug|Any CPU = Debug|Any CPU
		Release|Any CPU = Release|Any CPU
	EndGlobalSection
	GlobalSection(ProjectConfigurationPlatforms) = postSolution
		{3EEC3171-92FD-4F25-A7FF-A3CCE00ABE29}.Debug|Any CPU.ActiveCfg = Debug|Any CPU
		{3EEC3171-92FD-4F25-A7FF-A3CCE00ABE29}.Debug|Any CPU.Build.0 = Debug|Any CPU
		{3EEC3171-92FD-4F25-A7FF-A3CCE00ABE29}.Release|Any CPU.ActiveCfg = Release|Any CPU
		{3EEC3171-92FD-4F25-A7FF-A3CCE00ABE29}.Release|Any CPU.Build.0 = Release|Any CPU
		{941D0D88-0505-4BDD-BDE4-CC592A554BEE}.Debug|Any CPU.ActiveCfg = Debug|Any CPU
		{941D0D88-0505-4BDD-BDE4-CC592A554BEE}.Debug|Any CPU.Build.0 = Debug|Any CPU
		{941D0D88-0505-4BDD-BDE4-CC592A554BEE}.Release|Any CPU.ActiveCfg = Release|Any CPU
		{941D0D88-0505-4BDD-BDE4-CC592A554BEE}.Release|Any CPU.Build.0 = Release|Any CPU
		{37F8C8D5-A354-4B68-AF72-5A5EC6B6291B}.Debug|Any CPU.ActiveCfg = Debug|Any CPU
		{37F8C8D5-A354-4B68-AF72-5A5EC6B6291B}.Debug|Any CPU.Build.0 = Debug|Any CPU
		{37F8C8D5-A354-4B68-AF72-5A5EC6B6291B}.Release|Any CPU.ActiveCfg = Release|Any CPU
		{37F8C8D5-A354-4B68-AF72-5A5EC6B6291B}.Release|Any CPU.Build.0 = Release|Any CPU
		{0DB54E8F-4E8D-4C6A-A082-64B764290803}.Debug|Any CPU.ActiveCfg = Debug|Any CPU
		{0DB54E8F-4E8D-4C6A-A082-64B764290803}.Debug|Any CPU.Build.0 = Debug|Any CPU
		{0DB54E8F-4E8D-4C6A-A082-64B764290803}.Release|Any CPU.ActiveCfg = Release|Any CPU
		{0DB54E8F-4E8D-4C6A-A082-64B764290803}.Release|Any CPU.Build.0 = Release|Any CPU
	EndGlobalSection
	GlobalSection(SolutionProperties) = preSolution
		HideSolutionNode = FALSE
	EndGlobalSection
	GlobalSection(NestedProjects) = preSolution
		{3EEC3171-92FD-4F25-A7FF-A3CCE00ABE29} = {0CE39A06-1095-446C-8440-79DA90E0229E}
		{941D0D88-0505-4BDD-BDE4-CC592A554BEE} = {53CA2B82-C8A4-47A1-B6AF-C0FF2FD95F85}
		{37F8C8D5-A354-4B68-AF72-5A5EC6B6291B} = {0CE39A06-1095-446C-8440-79DA90E0229E}
		{0DB54E8F-4E8D-4C6A-A082-64B764290803} = {53CA2B82-C8A4-47A1-B6AF-C0FF2FD95F85}
	EndGlobalSection
	GlobalSection(ExtensibilityGlobals) = postSolution
		SolutionGuid = {D4E66E0E-62C3-414D-9AD5-4C788AA1EAF1}
	EndGlobalSection
EndGlobal
